
Microsoft Visual Studio Solution File, Format Version 12.00
# Visual Studio Version 17
VisualStudioVersion = 17.8.34408.163
MinimumVisualStudioVersion = 10.0.40219.1
Project("{FAE04EC0-301F-11D3-BF4B-00C04F79EFBC}") = "AutomatizadorDeCadastros", "AutomatizadorDeCadastros\AutomatizadorDeCadastros.csproj", "{EE7443A4-2CCF-46ED-AF32-47B7C344B0BB}"
EndProject
Global
	GlobalSection(SolutionConfigurationPlatforms) = preSolution
		Debug|Any CPU = Debug|Any CPU
		Release|Any CPU = Release|Any CPU
	EndGlobalSection
	GlobalSection(ProjectConfigurationPlatforms) = postSolution
		{EE7443A4-2CCF-46ED-AF32-47B7C344B0BB}.Debug|Any CPU.ActiveCfg = Debug|Any CPU
		{EE7443A4-2CCF-46ED-AF32-47B7C344B0BB}.Debug|Any CPU.Build.0 = Debug|Any CPU
		{EE7443A4-2CCF-46ED-AF32-47B7C344B0BB}.Release|Any CPU.ActiveCfg = Release|Any CPU
		{EE7443A4-2CCF-46ED-AF32-47B7C344B0BB}.Release|Any CPU.Build.0 = Release|Any CPU
	EndGlobalSection
	GlobalSection(SolutionProperties) = preSolution
		HideSolutionNode = FALSE
	EndGlobalSection
	GlobalSection(ExtensibilityGlobals) = postSolution
		SolutionGuid = {02FFD5F3-293B-4C82-AC03-100F2EBC15EE}
	EndGlobalSection
EndGlobal
